
Microsoft Visual Studio Solution File, Format Version 12.00
# Visual Studio Version 16
VisualStudioVersion = 16.0.29403.142
MinimumVisualStudioVersion = 10.0.40219.1
Project("{FAE04EC0-301F-11D3-BF4B-00C04F79EFBC}") = "array-shift", "array-shift\array-shift.csproj", "{827D6F98-58B8-46E6-8DAF-C08BC0E31B59}"
EndProject
Project("{FAE04EC0-301F-11D3-BF4B-00C04F79EFBC}") = "XUnitTestChallenge2", "XUnitTestChallenge2\XUnitTestChallenge2.csproj", "{3526B75F-2634-4FF7-9BC1-F998BEE389B1}"
EndProject
Global
	GlobalSection(SolutionConfigurationPlatforms) = preSolution
		Debug|Any CPU = Debug|Any CPU
		Release|Any CPU = Release|Any CPU
	EndGlobalSection
	GlobalSection(ProjectConfigurationPlatforms) = postSolution
		{827D6F98-58B8-46E6-8DAF-C08BC0E31B59}.Debug|Any CPU.ActiveCfg = Debug|Any CPU
		{827D6F98-58B8-46E6-8DAF-C08BC0E31B59}.Debug|Any CPU.Build.0 = Debug|Any CPU
		{827D6F98-58B8-46E6-8DAF-C08BC0E31B59}.Release|Any CPU.ActiveCfg = Release|Any CPU
		{827D6F98-58B8-46E6-8DAF-C08BC0E31B59}.Release|Any CPU.Build.0 = Release|Any CPU
		{3526B75F-2634-4FF7-9BC1-F998BEE389B1}.Debug|Any CPU.ActiveCfg = Debug|Any CPU
		{3526B75F-2634-4FF7-9BC1-F998BEE389B1}.Debug|Any CPU.Build.0 = Debug|Any CPU
		{3526B75F-2634-4FF7-9BC1-F998BEE389B1}.Release|Any CPU.ActiveCfg = Release|Any CPU
		{3526B75F-2634-4FF7-9BC1-F998BEE389B1}.Release|Any CPU.Build.0 = Release|Any CPU
	EndGlobalSection
	GlobalSection(SolutionProperties) = preSolution
		HideSolutionNode = FALSE
	EndGlobalSection
	GlobalSection(ExtensibilityGlobals) = postSolution
		SolutionGuid = {44929680-80C9-4984-AC06-9A0041747CF4}
	EndGlobalSection
EndGlobal
